
Microsoft Visual Studio Solution File, Format Version 12.00
# Visual Studio 15
VisualStudioVersion = 15.0.28010.2048
MinimumVisualStudioVersion = 10.0.40219.1
Project("{FAE04EC0-301F-11D3-BF4B-00C04F79EFBC}") = "Advent2018", "Advent2018-1\Advent2018.csproj", "{AA9FD6DC-1090-468A-8468-424E92E55C2F}"
EndProject
Project("{FAE04EC0-301F-11D3-BF4B-00C04F79EFBC}") = "Advent2018.Tests", "Advent2018-1.Tests\Advent2018.Tests.csproj", "{0FAC8015-9177-47FC-A876-BDA6FA9C1D51}"
EndProject
Global
	GlobalSection(SolutionConfigurationPlatforms) = preSolution
		Debug|Any CPU = Debug|Any CPU
		Release|Any CPU = Release|Any CPU
	EndGlobalSection
	GlobalSection(ProjectConfigurationPlatforms) = postSolution
		{AA9FD6DC-1090-468A-8468-424E92E55C2F}.Debug|Any CPU.ActiveCfg = Debug|Any CPU
		{AA9FD6DC-1090-468A-8468-424E92E55C2F}.Debug|Any CPU.Build.0 = Debug|Any CPU
		{AA9FD6DC-1090-468A-8468-424E92E55C2F}.Release|Any CPU.ActiveCfg = Release|Any CPU
		{AA9FD6DC-1090-468A-8468-424E92E55C2F}.Release|Any CPU.Build.0 = Release|Any CPU
		{0FAC8015-9177-47FC-A876-BDA6FA9C1D51}.Debug|Any CPU.ActiveCfg = Debug|Any CPU
		{0FAC8015-9177-47FC-A876-BDA6FA9C1D51}.Debug|Any CPU.Build.0 = Debug|Any CPU
		{0FAC8015-9177-47FC-A876-BDA6FA9C1D51}.Release|Any CPU.ActiveCfg = Release|Any CPU
		{0FAC8015-9177-47FC-A876-BDA6FA9C1D51}.Release|Any CPU.Build.0 = Release|Any CPU
	EndGlobalSection
	GlobalSection(SolutionProperties) = preSolution
		HideSolutionNode = FALSE
	EndGlobalSection
	GlobalSection(ExtensibilityGlobals) = postSolution
		SolutionGuid = {714F36F3-B5C7-4330-B766-333029112CC0}
	EndGlobalSection
EndGlobal
